// !$*UTF8*$!
{
	archiveVersion = 1;
	classes = {
	};
	objectVersion = 46;
	objects = {

/* Begin PBXBuildFile section */
		839274791A2F2076008DFA0E /* main.m in Sources */ = {isa = PBXBuildFile; fileRef = 839274781A2F2076008DFA0E /* main.m */; };
		8392747C1A2F2076008DFA0E /* AppDelegate.m in Sources */ = {isa = PBXBuildFile; fileRef = 8392747B1A2F2076008DFA0E /* AppDelegate.m */; };
		8392747F1A2F2076008DFA0E /* LoginViewController.m in Sources */ = {isa = PBXBuildFile; fileRef = 8392747E1A2F2076008DFA0E /* LoginViewController.m */; };
		839274821A2F2076008DFA0E /* Main.storyboard in Resources */ = {isa = PBXBuildFile; fileRef = 839274801A2F2076008DFA0E /* Main.storyboard */; };
		839274841A2F2076008DFA0E /* Images.xcassets in Resources */ = {isa = PBXBuildFile; fileRef = 839274831A2F2076008DFA0E /* Images.xcassets */; };
		839274871A2F2076008DFA0E /* LaunchScreen.xib in Resources */ = {isa = PBXBuildFile; fileRef = 839274851A2F2076008DFA0E /* LaunchScreen.xib */; };
		839274931A2F2076008DFA0E /* TrackMyRadarsTests.m in Sources */ = {isa = PBXBuildFile; fileRef = 839274921A2F2076008DFA0E /* TrackMyRadarsTests.m */; };
		8392749F1A2F7D0B008DFA0E /* RedboothAPIClient.m in Sources */ = {isa = PBXBuildFile; fileRef = 8392749E1A2F7D0B008DFA0E /* RedboothAPIClient.m */; };
		839274A31A2F8001008DFA0E /* RadarListViewController.m in Sources */ = {isa = PBXBuildFile; fileRef = 839274A21A2F8001008DFA0E /* RadarListViewController.m */; };
		839274A61A2F8955008DFA0E /* UIColor+TrackMyRadars.m in Sources */ = {isa = PBXBuildFile; fileRef = 839274A51A2F8955008DFA0E /* UIColor+TrackMyRadars.m */; };
		839274A91A2F8C78008DFA0E /* UIImage+Color.m in Sources */ = {isa = PBXBuildFile; fileRef = 839274A81A2F8C78008DFA0E /* UIImage+Color.m */; };
		8F99663B463E284415250B18 /* libPods.a in Frameworks */ = {isa = PBXBuildFile; fileRef = 3E83AE3877BD2ED395D8AA3C /* libPods.a */; };
/* End PBXBuildFile section */

/* Begin PBXContainerItemProxy section */
		8392748D1A2F2076008DFA0E /* PBXContainerItemProxy */ = {
			isa = PBXContainerItemProxy;
			containerPortal = 8392746B1A2F2076008DFA0E /* Project object */;
			proxyType = 1;
			remoteGlobalIDString = 839274721A2F2076008DFA0E;
			remoteInfo = TrackMyRadars;
		};
/* End PBXContainerItemProxy section */

/* Begin PBXFileReference section */
		3E83AE3877BD2ED395D8AA3C /* libPods.a */ = {isa = PBXFileReference; explicitFileType = archive.ar; includeInIndex = 0; path = libPods.a; sourceTree = BUILT_PRODUCTS_DIR; };
		839274731A2F2076008DFA0E /* TrackMyRadars.app */ = {isa = PBXFileReference; explicitFileType = wrapper.application; includeInIndex = 0; path = TrackMyRadars.app; sourceTree = BUILT_PRODUCTS_DIR; };
		839274771A2F2076008DFA0E /* Info.plist */ = {isa = PBXFileReference; lastKnownFileType = text.plist.xml; path = Info.plist; sourceTree = "<group>"; };
		839274781A2F2076008DFA0E /* main.m */ = {isa = PBXFileReference; lastKnownFileType = sourcecode.c.objc; path = main.m; sourceTree = "<group>"; };
		8392747A1A2F2076008DFA0E /* AppDelegate.h */ = {isa = PBXFileReference; lastKnownFileType = sourcecode.c.h; path = AppDelegate.h; sourceTree = "<group>"; };
		8392747B1A2F2076008DFA0E /* AppDelegate.m */ = {isa = PBXFileReference; lastKnownFileType = sourcecode.c.objc; path = AppDelegate.m; sourceTree = "<group>"; };
		8392747D1A2F2076008DFA0E /* LoginViewController.h */ = {isa = PBXFileReference; lastKnownFileType = sourcecode.c.h; path = LoginViewController.h; sourceTree = "<group>"; };
		8392747E1A2F2076008DFA0E /* LoginViewController.m */ = {isa = PBXFileReference; lastKnownFileType = sourcecode.c.objc; path = LoginViewController.m; sourceTree = "<group>"; };
		839274811A2F2076008DFA0E /* Base */ = {isa = PBXFileReference; lastKnownFileType = file.storyboard; name = Base; path = Base.lproj/Main.storyboard; sourceTree = "<group>"; };
		839274831A2F2076008DFA0E /* Images.xcassets */ = {isa = PBXFileReference; lastKnownFileType = folder.assetcatalog; path = Images.xcassets; sourceTree = "<group>"; };
		839274861A2F2076008DFA0E /* Base */ = {isa = PBXFileReference; lastKnownFileType = file.xib; name = Base; path = Base.lproj/LaunchScreen.xib; sourceTree = "<group>"; };
		8392748C1A2F2076008DFA0E /* TrackMyRadarsTests.xctest */ = {isa = PBXFileReference; explicitFileType = wrapper.cfbundle; includeInIndex = 0; path = TrackMyRadarsTests.xctest; sourceTree = BUILT_PRODUCTS_DIR; };
		839274911A2F2076008DFA0E /* Info.plist */ = {isa = PBXFileReference; lastKnownFileType = text.plist.xml; path = Info.plist; sourceTree = "<group>"; };
		839274921A2F2076008DFA0E /* TrackMyRadarsTests.m */ = {isa = PBXFileReference; lastKnownFileType = sourcecode.c.objc; path = TrackMyRadarsTests.m; sourceTree = "<group>"; };
		8392749D1A2F7D0B008DFA0E /* RedboothAPIClient.h */ = {isa = PBXFileReference; fileEncoding = 4; lastKnownFileType = sourcecode.c.h; path = RedboothAPIClient.h; sourceTree = "<group>"; };
		8392749E1A2F7D0B008DFA0E /* RedboothAPIClient.m */ = {isa = PBXFileReference; fileEncoding = 4; lastKnownFileType = sourcecode.c.objc; path = RedboothAPIClient.m; sourceTree = "<group>"; };
		839274A11A2F8001008DFA0E /* RadarListViewController.h */ = {isa = PBXFileReference; fileEncoding = 4; lastKnownFileType = sourcecode.c.h; path = RadarListViewController.h; sourceTree = "<group>"; };
		839274A21A2F8001008DFA0E /* RadarListViewController.m */ = {isa = PBXFileReference; fileEncoding = 4; lastKnownFileType = sourcecode.c.objc; path = RadarListViewController.m; sourceTree = "<group>"; };
		839274A41A2F8955008DFA0E /* UIColor+TrackMyRadars.h */ = {isa = PBXFileReference; fileEncoding = 4; lastKnownFileType = sourcecode.c.h; path = "UIColor+TrackMyRadars.h"; sourceTree = "<group>"; };
		839274A51A2F8955008DFA0E /* UIColor+TrackMyRadars.m */ = {isa = PBXFileReference; fileEncoding = 4; lastKnownFileType = sourcecode.c.objc; path = "UIColor+TrackMyRadars.m"; sourceTree = "<group>"; };
		839274A71A2F8C78008DFA0E /* UIImage+Color.h */ = {isa = PBXFileReference; fileEncoding = 4; lastKnownFileType = sourcecode.c.h; path = "UIImage+Color.h"; sourceTree = "<group>"; };
		839274A81A2F8C78008DFA0E /* UIImage+Color.m */ = {isa = PBXFileReference; fileEncoding = 4; lastKnownFileType = sourcecode.c.objc; path = "UIImage+Color.m"; sourceTree = "<group>"; };
		C41AD7ED4D6A51DD4AB83475 /* Pods.release.xcconfig */ = {isa = PBXFileReference; includeInIndex = 1; lastKnownFileType = text.xcconfig; name = Pods.release.xcconfig; path = "Pods/Target Support Files/Pods/Pods.release.xcconfig"; sourceTree = "<group>"; };
		D4ABF6E65573CCF122F77923 /* Pods.debug.xcconfig */ = {isa = PBXFileReference; includeInIndex = 1; lastKnownFileType = text.xcconfig; name = Pods.debug.xcconfig; path = "Pods/Target Support Files/Pods/Pods.debug.xcconfig"; sourceTree = "<group>"; };
/* End PBXFileReference section */

/* Begin PBXFrameworksBuildPhase section */
		839274701A2F2076008DFA0E /* Frameworks */ = {
			isa = PBXFrameworksBuildPhase;
			buildActionMask = 2147483647;
			files = (
				8F99663B463E284415250B18 /* libPods.a in Frameworks */,
			);
			runOnlyForDeploymentPostprocessing = 0;
		};
		839274891A2F2076008DFA0E /* Frameworks */ = {
			isa = PBXFrameworksBuildPhase;
			buildActionMask = 2147483647;
			files = (
			);
			runOnlyForDeploymentPostprocessing = 0;
		};
/* End PBXFrameworksBuildPhase section */

/* Begin PBXGroup section */
		146BEEA611E69DF080ACED45 /* Pods */ = {
			isa = PBXGroup;
			children = (
				D4ABF6E65573CCF122F77923 /* Pods.debug.xcconfig */,
				C41AD7ED4D6A51DD4AB83475 /* Pods.release.xcconfig */,
			);
			name = Pods;
			sourceTree = "<group>";
		};
		3436723C735ADC07AC2EE5F5 /* Frameworks */ = {
			isa = PBXGroup;
			children = (
				3E83AE3877BD2ED395D8AA3C /* libPods.a */,
			);
			name = Frameworks;
			sourceTree = "<group>";
		};
		8392746A1A2F2076008DFA0E = {
			isa = PBXGroup;
			children = (
				839274751A2F2076008DFA0E /* TrackMyRadars */,
				8392748F1A2F2076008DFA0E /* TrackMyRadarsTests */,
				839274741A2F2076008DFA0E /* Products */,
				146BEEA611E69DF080ACED45 /* Pods */,
				3436723C735ADC07AC2EE5F5 /* Frameworks */,
			);
			sourceTree = "<group>";
		};
		839274741A2F2076008DFA0E /* Products */ = {
			isa = PBXGroup;
			children = (
				839274731A2F2076008DFA0E /* TrackMyRadars.app */,
				8392748C1A2F2076008DFA0E /* TrackMyRadarsTests.xctest */,
			);
			name = Products;
			sourceTree = "<group>";
		};
		839274751A2F2076008DFA0E /* TrackMyRadars */ = {
			isa = PBXGroup;
			children = (
				8392747A1A2F2076008DFA0E /* AppDelegate.h */,
				8392747B1A2F2076008DFA0E /* AppDelegate.m */,
				839274AA1A2FC843008DFA0E /* Utils */,
				839274A01A2F7D14008DFA0E /* Services */,
				839274AB1A2FC85E008DFA0E /* ViewControllers */,
				839274AC1A2FC872008DFA0E /* Views */,
				839274831A2F2076008DFA0E /* Images.xcassets */,
				839274761A2F2076008DFA0E /* Supporting Files */,
			);
			path = TrackMyRadars;
			sourceTree = "<group>";
		};
		839274761A2F2076008DFA0E /* Supporting Files */ = {
			isa = PBXGroup;
			children = (
				839274771A2F2076008DFA0E /* Info.plist */,
				839274781A2F2076008DFA0E /* main.m */,
			);
			name = "Supporting Files";
			sourceTree = "<group>";
		};
		8392748F1A2F2076008DFA0E /* TrackMyRadarsTests */ = {
			isa = PBXGroup;
			children = (
				839274921A2F2076008DFA0E /* TrackMyRadarsTests.m */,
				839274901A2F2076008DFA0E /* Supporting Files */,
			);
			path = TrackMyRadarsTests;
			sourceTree = "<group>";
		};
		839274901A2F2076008DFA0E /* Supporting Files */ = {
			isa = PBXGroup;
			children = (
				839274911A2F2076008DFA0E /* Info.plist */,
			);
			name = "Supporting Files";
			sourceTree = "<group>";
		};
		839274A01A2F7D14008DFA0E /* Services */ = {
			isa = PBXGroup;
			children = (
				8392749D1A2F7D0B008DFA0E /* RedboothAPIClient.h */,
				8392749E1A2F7D0B008DFA0E /* RedboothAPIClient.m */,
			);
			name = Services;
			sourceTree = "<group>";
		};
		839274AA1A2FC843008DFA0E /* Utils */ = {
			isa = PBXGroup;
			children = (
				839274A41A2F8955008DFA0E /* UIColor+TrackMyRadars.h */,
				839274A51A2F8955008DFA0E /* UIColor+TrackMyRadars.m */,
				839274A71A2F8C78008DFA0E /* UIImage+Color.h */,
				839274A81A2F8C78008DFA0E /* UIImage+Color.m */,
			);
			name = Utils;
			sourceTree = "<group>";
		};
		839274AB1A2FC85E008DFA0E /* ViewControllers */ = {
			isa = PBXGroup;
			children = (
				8392747D1A2F2076008DFA0E /* LoginViewController.h */,
				8392747E1A2F2076008DFA0E /* LoginViewController.m */,
				839274A11A2F8001008DFA0E /* RadarListViewController.h */,
				839274A21A2F8001008DFA0E /* RadarListViewController.m */,
			);
			name = ViewControllers;
			sourceTree = "<group>";
		};
		839274AC1A2FC872008DFA0E /* Views */ = {
			isa = PBXGroup;
			children = (
				839274801A2F2076008DFA0E /* Main.storyboard */,
				839274851A2F2076008DFA0E /* LaunchScreen.xib */,
			);
			name = Views;
			sourceTree = "<group>";
		};
/* End PBXGroup section */

/* Begin PBXNativeTarget section */
		839274721A2F2076008DFA0E /* TrackMyRadars */ = {
			isa = PBXNativeTarget;
			buildConfigurationList = 839274961A2F2076008DFA0E /* Build configuration list for PBXNativeTarget "TrackMyRadars" */;
			buildPhases = (
				7D0697D5B54E8B74AF3E5AB5 /* Check Pods Manifest.lock */,
				8392746F1A2F2076008DFA0E /* Sources */,
				839274701A2F2076008DFA0E /* Frameworks */,
				839274711A2F2076008DFA0E /* Resources */,
				9E5AA0B7AD38D807DD763FBD /* Copy Pods Resources */,
			);
			buildRules = (
			);
			dependencies = (
			);
			name = TrackMyRadars;
			productName = TrackMyRadars;
			productReference = 839274731A2F2076008DFA0E /* TrackMyRadars.app */;
			productType = "com.apple.product-type.application";
		};
		8392748B1A2F2076008DFA0E /* TrackMyRadarsTests */ = {
			isa = PBXNativeTarget;
			buildConfigurationList = 839274991A2F2076008DFA0E /* Build configuration list for PBXNativeTarget "TrackMyRadarsTests" */;
			buildPhases = (
				839274881A2F2076008DFA0E /* Sources */,
				839274891A2F2076008DFA0E /* Frameworks */,
				8392748A1A2F2076008DFA0E /* Resources */,
			);
			buildRules = (
			);
			dependencies = (
				8392748E1A2F2076008DFA0E /* PBXTargetDependency */,
			);
			name = TrackMyRadarsTests;
			productName = TrackMyRadarsTests;
			productReference = 8392748C1A2F2076008DFA0E /* TrackMyRadarsTests.xctest */;
			productType = "com.apple.product-type.bundle.unit-test";
		};
/* End PBXNativeTarget section */

/* Begin PBXProject section */
		8392746B1A2F2076008DFA0E /* Project object */ = {
			isa = PBXProject;
			attributes = {
				LastUpgradeCheck = 0610;
				ORGANIZATIONNAME = mariabernis;
				TargetAttributes = {
					839274721A2F2076008DFA0E = {
						CreatedOnToolsVersion = 6.1;
					};
					8392748B1A2F2076008DFA0E = {
						CreatedOnToolsVersion = 6.1;
						TestTargetID = 839274721A2F2076008DFA0E;
					};
				};
			};
			buildConfigurationList = 8392746E1A2F2076008DFA0E /* Build configuration list for PBXProject "TrackMyRadars" */;
			compatibilityVersion = "Xcode 3.2";
			developmentRegion = English;
			hasScannedForEncodings = 0;
			knownRegions = (
				en,
				Base,
			);
			mainGroup = 8392746A1A2F2076008DFA0E;
			productRefGroup = 839274741A2F2076008DFA0E /* Products */;
			projectDirPath = "";
			projectRoot = "";
			targets = (
				839274721A2F2076008DFA0E /* TrackMyRadars */,
				8392748B1A2F2076008DFA0E /* TrackMyRadarsTests */,
			);
		};
/* End PBXProject section */

/* Begin PBXResourcesBuildPhase section */
		839274711A2F2076008DFA0E /* Resources */ = {
			isa = PBXResourcesBuildPhase;
			buildActionMask = 2147483647;
			files = (
				839274821A2F2076008DFA0E /* Main.storyboard in Resources */,
				839274871A2F2076008DFA0E /* LaunchScreen.xib in Resources */,
				839274841A2F2076008DFA0E /* Images.xcassets in Resources */,
			);
			runOnlyForDeploymentPostprocessing = 0;
		};
		8392748A1A2F2076008DFA0E /* Resources */ = {
			isa = PBXResourcesBuildPhase;
			buildActionMask = 2147483647;
			files = (
			);
			runOnlyForDeploymentPostprocessing = 0;
		};
/* End PBXResourcesBuildPhase section */

/* Begin PBXShellScriptBuildPhase section */
		7D0697D5B54E8B74AF3E5AB5 /* Check Pods Manifest.lock */ = {
			isa = PBXShellScriptBuildPhase;
			buildActionMask = 2147483647;
			files = (
			);
			inputPaths = (
			);
			name = "Check Pods Manifest.lock";
			outputPaths = (
			);
			runOnlyForDeploymentPostprocessing = 0;
			shellPath = /bin/sh;
			shellScript = "diff \"${PODS_ROOT}/../Podfile.lock\" \"${PODS_ROOT}/Manifest.lock\" > /dev/null\nif [[ $? != 0 ]] ; then\n    cat << EOM\nerror: The sandbox is not in sync with the Podfile.lock. Run 'pod install' or update your CocoaPods installation.\nEOM\n    exit 1\nfi\n";
			showEnvVarsInLog = 0;
		};
		9E5AA0B7AD38D807DD763FBD /* Copy Pods Resources */ = {
			isa = PBXShellScriptBuildPhase;
			buildActionMask = 2147483647;
			files = (
			);
			inputPaths = (
			);
			name = "Copy Pods Resources";
			outputPaths = (
			);
			runOnlyForDeploymentPostprocessing = 0;
			shellPath = /bin/sh;
			shellScript = "\"${SRCROOT}/Pods/Target Support Files/Pods/Pods-resources.sh\"\n";
			showEnvVarsInLog = 0;
		};
/* End PBXShellScriptBuildPhase section */

/* Begin PBXSourcesBuildPhase section */
		8392746F1A2F2076008DFA0E /* Sources */ = {
			isa = PBXSourcesBuildPhase;
			buildActionMask = 2147483647;
			files = (
				8392747F1A2F2076008DFA0E /* LoginViewController.m in Sources */,
				8392747C1A2F2076008DFA0E /* AppDelegate.m in Sources */,
				839274A91A2F8C78008DFA0E /* UIImage+Color.m in Sources */,
				839274A61A2F8955008DFA0E /* UIColor+TrackMyRadars.m in Sources */,
				8392749F1A2F7D0B008DFA0E /* RedboothAPIClient.m in Sources */,
				839274791A2F2076008DFA0E /* main.m in Sources */,
				839274A31A2F8001008DFA0E /* RadarListViewController.m in Sources */,
			);
			runOnlyForDeploymentPostprocessing = 0;
		};
		839274881A2F2076008DFA0E /* Sources */ = {
			isa = PBXSourcesBuildPhase;
			buildActionMask = 2147483647;
			files = (
				839274931A2F2076008DFA0E /* TrackMyRadarsTests.m in Sources */,
			);
			runOnlyForDeploymentPostprocessing = 0;
		};
/* End PBXSourcesBuildPhase section */

/* Begin PBXTargetDependency section */
		8392748E1A2F2076008DFA0E /* PBXTargetDependency */ = {
			isa = PBXTargetDependency;
			target = 839274721A2F2076008DFA0E /* TrackMyRadars */;
			targetProxy = 8392748D1A2F2076008DFA0E /* PBXContainerItemProxy */;
		};
/* End PBXTargetDependency section */

/* Begin PBXVariantGroup section */
		839274801A2F2076008DFA0E /* Main.storyboard */ = {
			isa = PBXVariantGroup;
			children = (
				839274811A2F2076008DFA0E /* Base */,
			);
			name = Main.storyboard;
			sourceTree = "<group>";
		};
		839274851A2F2076008DFA0E /* LaunchScreen.xib */ = {
			isa = PBXVariantGroup;
			children = (
				839274861A2F2076008DFA0E /* Base */,
			);
			name = LaunchScreen.xib;
			sourceTree = "<group>";
		};
/* End PBXVariantGroup section */

/* Begin XCBuildConfiguration section */
		839274941A2F2076008DFA0E /* Debug */ = {
			isa = XCBuildConfiguration;
			buildSettings = {
				ALWAYS_SEARCH_USER_PATHS = NO;
				CLANG_CXX_LANGUAGE_STANDARD = "gnu++0x";
				CLANG_CXX_LIBRARY = "libc++";
				CLANG_ENABLE_MODULES = YES;
				CLANG_ENABLE_OBJC_ARC = YES;
				CLANG_WARN_BOOL_CONVERSION = YES;
				CLANG_WARN_CONSTANT_CONVERSION = YES;
				CLANG_WARN_DIRECT_OBJC_ISA_USAGE = YES_ERROR;
				CLANG_WARN_EMPTY_BODY = YES;
				CLANG_WARN_ENUM_CONVERSION = YES;
				CLANG_WARN_INT_CONVERSION = YES;
				CLANG_WARN_OBJC_ROOT_CLASS = YES_ERROR;
				CLANG_WARN_UNREACHABLE_CODE = YES;
				CLANG_WARN__DUPLICATE_METHOD_MATCH = YES;
				"CODE_SIGN_IDENTITY[sdk=iphoneos*]" = "iPhone Developer";
				COPY_PHASE_STRIP = NO;
				ENABLE_STRICT_OBJC_MSGSEND = YES;
				GCC_C_LANGUAGE_STANDARD = gnu99;
				GCC_DYNAMIC_NO_PIC = NO;
				GCC_OPTIMIZATION_LEVEL = 0;
				GCC_PREPROCESSOR_DEFINITIONS = (
					"DEBUG=1",
					"$(inherited)",
				);
				GCC_SYMBOLS_PRIVATE_EXTERN = NO;
				GCC_WARN_64_TO_32_BIT_CONVERSION = YES;
				GCC_WARN_ABOUT_RETURN_TYPE = YES_ERROR;
				GCC_WARN_UNDECLARED_SELECTOR = YES;
				GCC_WARN_UNINITIALIZED_AUTOS = YES_AGGRESSIVE;
				GCC_WARN_UNUSED_FUNCTION = YES;
				GCC_WARN_UNUSED_VARIABLE = YES;
				IPHONEOS_DEPLOYMENT_TARGET = 8.1;
				MTL_ENABLE_DEBUG_INFO = YES;
				ONLY_ACTIVE_ARCH = YES;
				SDKROOT = iphoneos;
			};
			name = Debug;
		};
		839274951A2F2076008DFA0E /* Release */ = {
			isa = XCBuildConfiguration;
			buildSettings = {
				ALWAYS_SEARCH_USER_PATHS = NO;
				CLANG_CXX_LANGUAGE_STANDARD = "gnu++0x";
				CLANG_CXX_LIBRARY = "libc++";
				CLANG_ENABLE_MODULES = YES;
				CLANG_ENABLE_OBJC_ARC = YES;
				CLANG_WARN_BOOL_CONVERSION = YES;
				CLANG_WARN_CONSTANT_CONVERSION = YES;
				CLANG_WARN_DIRECT_OBJC_ISA_USAGE = YES_ERROR;
				CLANG_WARN_EMPTY_BODY = YES;
				CLANG_WARN_ENUM_CONVERSION = YES;
				CLANG_WARN_INT_CONVERSION = YES;
				CLANG_WARN_OBJC_ROOT_CLASS = YES_ERROR;
				CLANG_WARN_UNREACHABLE_CODE = YES;
				CLANG_WARN__DUPLICATE_METHOD_MATCH = YES;
				"CODE_SIGN_IDENTITY[sdk=iphoneos*]" = "iPhone Developer";
				COPY_PHASE_STRIP = YES;
				ENABLE_NS_ASSERTIONS = NO;
				ENABLE_STRICT_OBJC_MSGSEND = YES;
				GCC_C_LANGUAGE_STANDARD = gnu99;
				GCC_WARN_64_TO_32_BIT_CONVERSION = YES;
				GCC_WARN_ABOUT_RETURN_TYPE = YES_ERROR;
				GCC_WARN_UNDECLARED_SELECTOR = YES;
				GCC_WARN_UNINITIALIZED_AUTOS = YES_AGGRESSIVE;
				GCC_WARN_UNUSED_FUNCTION = YES;
				GCC_WARN_UNUSED_VARIABLE = YES;
				IPHONEOS_DEPLOYMENT_TARGET = 8.1;
				MTL_ENABLE_DEBUG_INFO = NO;
				SDKROOT = iphoneos;
				VALIDATE_PRODUCT = YES;
			};
			name = Release;
		};
		839274971A2F2076008DFA0E /* Debug */ = {
			isa = XCBuildConfiguration;
			baseConfigurationReference = D4ABF6E65573CCF122F77923 /* Pods.debug.xcconfig */;
			buildSettings = {
				ASSETCATALOG_COMPILER_APPICON_NAME = AppIcon;
				INFOPLIST_FILE = TrackMyRadars/Info.plist;
				LD_RUNPATH_SEARCH_PATHS = "$(inherited) @executable_path/Frameworks";
				PRODUCT_NAME = "$(TARGET_NAME)";
			};
			name = Debug;
		};
		839274981A2F2076008DFA0E /* Release */ = {
			isa = XCBuildConfiguration;
			baseConfigurationReference = C41AD7ED4D6A51DD4AB83475 /* Pods.release.xcconfig */;
			buildSettings = {
				ASSETCATALOG_COMPILER_APPICON_NAME = AppIcon;
				INFOPLIST_FILE = TrackMyRadars/Info.plist;
				LD_RUNPATH_SEARCH_PATHS = "$(inherited) @executable_path/Frameworks";
				PRODUCT_NAME = "$(TARGET_NAME)";
			};
			name = Release;
		};
		8392749A1A2F2076008DFA0E /* Debug */ = {
			isa = XCBuildConfiguration;
			buildSettings = {
				BUNDLE_LOADER = "$(TEST_HOST)";
				FRAMEWORK_SEARCH_PATHS = (
					"$(SDKROOT)/Developer/Library/Frameworks",
					"$(inherited)",
				);
				GCC_PREPROCESSOR_DEFINITIONS = (
					"DEBUG=1",
					"$(inherited)",
				);
				INFOPLIST_FILE = TrackMyRadarsTests/Info.plist;
				LD_RUNPATH_SEARCH_PATHS = "$(inherited) @executable_path/Frameworks @loader_path/Frameworks";
				PRODUCT_NAME = "$(TARGET_NAME)";
				TEST_HOST = "$(BUILT_PRODUCTS_DIR)/TrackMyRadars.app/TrackMyRadars";
			};
			name = Debug;
		};
		8392749B1A2F2076008DFA0E /* Release */ = {
			isa = XCBuildConfiguration;
			buildSettings = {
				BUNDLE_LOADER = "$(TEST_HOST)";
				FRAMEWORK_SEARCH_PATHS = (
					"$(SDKROOT)/Developer/Library/Frameworks",
					"$(inherited)",
				);
				INFOPLIST_FILE = TrackMyRadarsTests/Info.plist;
				LD_RUNPATH_SEARCH_PATHS = "$(inherited) @executable_path/Frameworks @loader_path/Frameworks";
				PRODUCT_NAME = "$(TARGET_NAME)";
				TEST_HOST = "$(BUILT_PRODUCTS_DIR)/TrackMyRadars.app/TrackMyRadars";
			};
			name = Release;
		};
/* End XCBuildConfiguration section */

/* Begin XCConfigurationList section */
		8392746E1A2F2076008DFA0E /* Build configuration list for PBXProject "TrackMyRadars" */ = {
			isa = XCConfigurationList;
			buildConfigurations = (
				839274941A2F2076008DFA0E /* Debug */,
				839274951A2F2076008DFA0E /* Release */,
			);
			defaultConfigurationIsVisible = 0;
			defaultConfigurationName = Release;
		};
		839274961A2F2076008DFA0E /* Build configuration list for PBXNativeTarget "TrackMyRadars" */ = {
			isa = XCConfigurationList;
			buildConfigurations = (
				839274971A2F2076008DFA0E /* Debug */,
				839274981A2F2076008DFA0E /* Release */,
			);
			defaultConfigurationIsVisible = 0;
			defaultConfigurationName = Release;
		};
		839274991A2F2076008DFA0E /* Build configuration list for PBXNativeTarget "TrackMyRadarsTests" */ = {
			isa = XCConfigurationList;
			buildConfigurations = (
				8392749A1A2F2076008DFA0E /* Debug */,
				8392749B1A2F2076008DFA0E /* Release */,
			);
			defaultConfigurationIsVisible = 0;
			defaultConfigurationName = Release;
		};
/* End XCConfigurationList section */
	};
	rootObject = 8392746B1A2F2076008DFA0E /* Project object */;
}
